
Microsoft Visual Studio Solution File, Format Version 12.00
# Visual Studio Version 16
VisualStudioVersion = 16.0.30204.135
MinimumVisualStudioVersion = 10.0.40219.1
Project("{FAE04EC0-301F-11D3-BF4B-00C04F79EFBC}") = "SOLID", "SOLID\SOLID.csproj", "{C67B1F51-8790-437F-B284-BB6C527E205D}"
EndProject
Global
	GlobalSection(SolutionConfigurationPlatforms) = preSolution
		Debug|Any CPU = Debug|Any CPU
		Release|Any CPU = Release|Any CPU
	EndGlobalSection
	GlobalSection(ProjectConfigurationPlatforms) = postSolution
		{C67B1F51-8790-437F-B284-BB6C527E205D}.Debug|Any CPU.ActiveCfg = Debug|Any CPU
		{C67B1F51-8790-437F-B284-BB6C527E205D}.Debug|Any CPU.Build.0 = Debug|Any CPU
		{C67B1F51-8790-437F-B284-BB6C527E205D}.Release|Any CPU.ActiveCfg = Release|Any CPU
		{C67B1F51-8790-437F-B284-BB6C527E205D}.Release|Any CPU.Build.0 = Release|Any CPU
	EndGlobalSection
	GlobalSection(SolutionProperties) = preSolution
		HideSolutionNode = FALSE
	EndGlobalSection
	GlobalSection(ExtensibilityGlobals) = postSolution
		SolutionGuid = {B4B2AF0F-9F99-474E-8CF1-37EE0641D60C}
	EndGlobalSection
EndGlobal
